
Microsoft Visual Studio Solution File, Format Version 12.00
# Visual Studio 14
VisualStudioVersion = 14.0.25123.0
MinimumVisualStudioVersion = 10.0.40219.1
Project("{FAE04EC0-301F-11D3-BF4B-00C04F79EFBC}") = "Meetup.Api", "Meetup.Api\Meetup.Api.csproj", "{18D8CC57-5DB1-4642-97A0-04E5CD0012FB}"
EndProject
Project("{FAE04EC0-301F-11D3-BF4B-00C04F79EFBC}") = "Meetup.Api.UnitTests", "Meetup.Api.UnitTests\Meetup.Api.UnitTests.csproj", "{22DF076B-E848-47D6-890D-1918D499427C}"
EndProject
Project("{FAE04EC0-301F-11D3-BF4B-00C04F79EFBC}") = "Meetup.Api.IntegrationTests", "Meetup.Api.IntegrationTests\Meetup.Api.IntegrationTests.csproj", "{567A9865-46C0-4637-8F53-448C9566942F}"
EndProject
Global
	GlobalSection(SolutionConfigurationPlatforms) = preSolution
		Debug|Any CPU = Debug|Any CPU
		Release|Any CPU = Release|Any CPU
	EndGlobalSection
	GlobalSection(ProjectConfigurationPlatforms) = postSolution
		{18D8CC57-5DB1-4642-97A0-04E5CD0012FB}.Debug|Any CPU.ActiveCfg = Debug|Any CPU
		{18D8CC57-5DB1-4642-97A0-04E5CD0012FB}.Debug|Any CPU.Build.0 = Debug|Any CPU
		{18D8CC57-5DB1-4642-97A0-04E5CD0012FB}.Release|Any CPU.ActiveCfg = Release|Any CPU
		{18D8CC57-5DB1-4642-97A0-04E5CD0012FB}.Release|Any CPU.Build.0 = Release|Any CPU
		{22DF076B-E848-47D6-890D-1918D499427C}.Debug|Any CPU.ActiveCfg = Debug|Any CPU
		{22DF076B-E848-47D6-890D-1918D499427C}.Debug|Any CPU.Build.0 = Debug|Any CPU
		{22DF076B-E848-47D6-890D-1918D499427C}.Release|Any CPU.ActiveCfg = Release|Any CPU
		{22DF076B-E848-47D6-890D-1918D499427C}.Release|Any CPU.Build.0 = Release|Any CPU
		{567A9865-46C0-4637-8F53-448C9566942F}.Debug|Any CPU.ActiveCfg = Debug|Any CPU
		{567A9865-46C0-4637-8F53-448C9566942F}.Debug|Any CPU.Build.0 = Debug|Any CPU
		{567A9865-46C0-4637-8F53-448C9566942F}.Release|Any CPU.ActiveCfg = Release|Any CPU
		{567A9865-46C0-4637-8F53-448C9566942F}.Release|Any CPU.Build.0 = Release|Any CPU
	EndGlobalSection
	GlobalSection(SolutionProperties) = preSolution
		HideSolutionNode = FALSE
	EndGlobalSection
EndGlobal
