
Microsoft Visual Studio Solution File, Format Version 12.00
# Visual Studio 12
Project("{FAE04EC0-301F-11D3-BF4B-00C04F79EFBC}") = "Meetup.Api", "Meetup.Api\Meetup.Api.csproj", "{18D8CC57-5DB1-4642-97A0-04E5CD0012FB}"
EndProject
Project("{FAE04EC0-301F-11D3-BF4B-00C04F79EFBC}") = "Meetup.Api.IntegrationTests", "..\test\Meetup.Api.IntegrationTests\Meetup.Api.IntegrationTests.csproj", "{63FCB71B-7D55-4151-B58C-4FD794A4D96D}"
EndProject
Project("{FAE04EC0-301F-11D3-BF4B-00C04F79EFBC}") = "Meetup.Api.UnitTests", "..\test\Meetup.Api.UnitTests\Meetup.Api.UnitTests.csproj", "{31D09891-EB2C-4338-8362-0A1D1D33AE43}"
EndProject
Global
	GlobalSection(SolutionConfigurationPlatforms) = preSolution
		Debug|Any CPU = Debug|Any CPU
		Release|Any CPU = Release|Any CPU
	EndGlobalSection
	GlobalSection(ProjectConfigurationPlatforms) = postSolution
		{18D8CC57-5DB1-4642-97A0-04E5CD0012FB}.Debug|Any CPU.ActiveCfg = Debug|Any CPU
		{18D8CC57-5DB1-4642-97A0-04E5CD0012FB}.Debug|Any CPU.Build.0 = Debug|Any CPU
		{18D8CC57-5DB1-4642-97A0-04E5CD0012FB}.Release|Any CPU.ActiveCfg = Release|Any CPU
		{18D8CC57-5DB1-4642-97A0-04E5CD0012FB}.Release|Any CPU.Build.0 = Release|Any CPU
		{63FCB71B-7D55-4151-B58C-4FD794A4D96D}.Debug|Any CPU.ActiveCfg = Debug|Any CPU
		{63FCB71B-7D55-4151-B58C-4FD794A4D96D}.Debug|Any CPU.Build.0 = Debug|Any CPU
		{63FCB71B-7D55-4151-B58C-4FD794A4D96D}.Release|Any CPU.ActiveCfg = Release|Any CPU
		{63FCB71B-7D55-4151-B58C-4FD794A4D96D}.Release|Any CPU.Build.0 = Release|Any CPU
		{31D09891-EB2C-4338-8362-0A1D1D33AE43}.Debug|Any CPU.ActiveCfg = Debug|Any CPU
		{31D09891-EB2C-4338-8362-0A1D1D33AE43}.Debug|Any CPU.Build.0 = Debug|Any CPU
		{31D09891-EB2C-4338-8362-0A1D1D33AE43}.Release|Any CPU.ActiveCfg = Release|Any CPU
		{31D09891-EB2C-4338-8362-0A1D1D33AE43}.Release|Any CPU.Build.0 = Release|Any CPU
	EndGlobalSection
	GlobalSection(SolutionProperties) = preSolution
		HideSolutionNode = FALSE
	EndGlobalSection
EndGlobal
