
Microsoft Visual Studio Solution File, Format Version 12.00
# Visual Studio 12
Project("{FAE04EC0-301F-11D3-BF4B-00C04F79EFBC}") = "Meetup.Api", "Meetup.Api\Meetup.Api.csproj", "{181AA153-0C08-46D2-BE7A-69A8CE50DD07}"
EndProject
Project("{FAE04EC0-301F-11D3-BF4B-00C04F79EFBC}") = "Meetup.Api.IntegrationTests", "..\tests\Meetup.Api.IntegrationTests\Meetup.Api.IntegrationTests.csproj", "{35A7682D-38DA-4105-826F-087704342D5D}"
EndProject
Project("{FAE04EC0-301F-11D3-BF4B-00C04F79EFBC}") = "Meetup.Api.UnitTests", "..\tests\Meetup.Api.UnitTests\Meetup.Api.UnitTests.csproj", "{378CD002-9424-462F-AE0C-41911865DED6}"
EndProject
Global
	GlobalSection(SolutionConfigurationPlatforms) = preSolution
		Debug|Any CPU = Debug|Any CPU
		Release|Any CPU = Release|Any CPU
	EndGlobalSection
	GlobalSection(ProjectConfigurationPlatforms) = postSolution
		{181AA153-0C08-46D2-BE7A-69A8CE50DD07}.Debug|Any CPU.ActiveCfg = Debug|Any CPU
		{181AA153-0C08-46D2-BE7A-69A8CE50DD07}.Debug|Any CPU.Build.0 = Debug|Any CPU
		{181AA153-0C08-46D2-BE7A-69A8CE50DD07}.Release|Any CPU.ActiveCfg = Release|Any CPU
		{181AA153-0C08-46D2-BE7A-69A8CE50DD07}.Release|Any CPU.Build.0 = Release|Any CPU
		{35A7682D-38DA-4105-826F-087704342D5D}.Debug|Any CPU.ActiveCfg = Debug|Any CPU
		{35A7682D-38DA-4105-826F-087704342D5D}.Debug|Any CPU.Build.0 = Debug|Any CPU
		{35A7682D-38DA-4105-826F-087704342D5D}.Release|Any CPU.ActiveCfg = Release|Any CPU
		{35A7682D-38DA-4105-826F-087704342D5D}.Release|Any CPU.Build.0 = Release|Any CPU
		{378CD002-9424-462F-AE0C-41911865DED6}.Debug|Any CPU.ActiveCfg = Debug|Any CPU
		{378CD002-9424-462F-AE0C-41911865DED6}.Debug|Any CPU.Build.0 = Debug|Any CPU
		{378CD002-9424-462F-AE0C-41911865DED6}.Release|Any CPU.ActiveCfg = Release|Any CPU
		{378CD002-9424-462F-AE0C-41911865DED6}.Release|Any CPU.Build.0 = Release|Any CPU
	EndGlobalSection
	GlobalSection(SolutionProperties) = preSolution
		HideSolutionNode = FALSE
	EndGlobalSection
EndGlobal
